// !$*UTF8*$!
{
	archiveVersion = 1;
	classes = {
	};
	objectVersion = 46;
	objects = {

/* Begin PBXBuildFile section */
		B20853961EE8D9C300970803 /* AppDelegate.swift in Sources */ = {isa = PBXBuildFile; fileRef = B20853951EE8D9C300970803 /* AppDelegate.swift */; };
		B20853981EE8D9C300970803 /* ViewController.swift in Sources */ = {isa = PBXBuildFile; fileRef = B20853971EE8D9C300970803 /* ViewController.swift */; };
		B208539B1EE8D9C300970803 /* Main.storyboard in Resources */ = {isa = PBXBuildFile; fileRef = B20853991EE8D9C300970803 /* Main.storyboard */; };
		B208539D1EE8D9C300970803 /* Assets.xcassets in Resources */ = {isa = PBXBuildFile; fileRef = B208539C1EE8D9C300970803 /* Assets.xcassets */; };
		B20853A01EE8D9C300970803 /* LaunchScreen.storyboard in Resources */ = {isa = PBXBuildFile; fileRef = B208539E1EE8D9C300970803 /* LaunchScreen.storyboard */; };
		B20853A91EE93E4F00970803 /* CalculatorBrain.swift in Sources */ = {isa = PBXBuildFile; fileRef = B20853A81EE93E4F00970803 /* CalculatorBrain.swift */; };
		B215FAC11EEA9180005A4826 /* CalculatorUITests.swift in Sources */ = {isa = PBXBuildFile; fileRef = B215FAC01EEA9180005A4826 /* CalculatorUITests.swift */; };
		B2448BD01EEA26DE001DE063 /* CalculatorTests.swift in Sources */ = {isa = PBXBuildFile; fileRef = B2448BCF1EEA26DE001DE063 /* CalculatorTests.swift */; };
		B2448BD71EEA28A2001DE063 /* CalculatorBrain.swift in Sources */ = {isa = PBXBuildFile; fileRef = B20853A81EE93E4F00970803 /* CalculatorBrain.swift */; };
		B2448BD81EEA28A6001DE063 /* ViewController.swift in Sources */ = {isa = PBXBuildFile; fileRef = B20853971EE8D9C300970803 /* ViewController.swift */; };
		B2448BD91EEA28AF001DE063 /* Main.storyboard in Resources */ = {isa = PBXBuildFile; fileRef = B20853991EE8D9C300970803 /* Main.storyboard */; };
/* End PBXBuildFile section */

/* Begin PBXContainerItemProxy section */
		B215FAC31EEA9181005A4826 /* PBXContainerItemProxy */ = {
			isa = PBXContainerItemProxy;
			containerPortal = B208538A1EE8D9C300970803 /* Project object */;
			proxyType = 1;
			remoteGlobalIDString = B20853911EE8D9C300970803;
			remoteInfo = Calculator;
		};
		B2448BD21EEA26DE001DE063 /* PBXContainerItemProxy */ = {
			isa = PBXContainerItemProxy;
			containerPortal = B208538A1EE8D9C300970803 /* Project object */;
			proxyType = 1;
			remoteGlobalIDString = B20853911EE8D9C300970803;
			remoteInfo = Calculator;
		};
/* End PBXContainerItemProxy section */

/* Begin PBXFileReference section */
		B20853921EE8D9C300970803 /* Calculator.app */ = {isa = PBXFileReference; explicitFileType = wrapper.application; includeInIndex = 0; path = Calculator.app; sourceTree = BUILT_PRODUCTS_DIR; };
		B20853951EE8D9C300970803 /* AppDelegate.swift */ = {isa = PBXFileReference; lastKnownFileType = sourcecode.swift; path = AppDelegate.swift; sourceTree = "<group>"; };
		B20853971EE8D9C300970803 /* ViewController.swift */ = {isa = PBXFileReference; lastKnownFileType = sourcecode.swift; path = ViewController.swift; sourceTree = "<group>"; };
		B208539A1EE8D9C300970803 /* Base */ = {isa = PBXFileReference; lastKnownFileType = file.storyboard; name = Base; path = Base.lproj/Main.storyboard; sourceTree = "<group>"; };
		B208539C1EE8D9C300970803 /* Assets.xcassets */ = {isa = PBXFileReference; lastKnownFileType = folder.assetcatalog; path = Assets.xcassets; sourceTree = "<group>"; };
		B208539F1EE8D9C300970803 /* Base */ = {isa = PBXFileReference; lastKnownFileType = file.storyboard; name = Base; path = Base.lproj/LaunchScreen.storyboard; sourceTree = "<group>"; };
		B20853A11EE8D9C300970803 /* Info.plist */ = {isa = PBXFileReference; lastKnownFileType = text.plist.xml; path = Info.plist; sourceTree = "<group>"; };
		B20853A81EE93E4F00970803 /* CalculatorBrain.swift */ = {isa = PBXFileReference; fileEncoding = 4; lastKnownFileType = sourcecode.swift; path = CalculatorBrain.swift; sourceTree = "<group>"; };
		B215FABE1EEA9180005A4826 /* CalculatorUITests.xctest */ = {isa = PBXFileReference; explicitFileType = wrapper.cfbundle; includeInIndex = 0; path = CalculatorUITests.xctest; sourceTree = BUILT_PRODUCTS_DIR; };
		B215FAC01EEA9180005A4826 /* CalculatorUITests.swift */ = {isa = PBXFileReference; lastKnownFileType = sourcecode.swift; path = CalculatorUITests.swift; sourceTree = "<group>"; };
		B215FAC21EEA9181005A4826 /* Info.plist */ = {isa = PBXFileReference; lastKnownFileType = text.plist.xml; path = Info.plist; sourceTree = "<group>"; };
		B2448BCD1EEA26DE001DE063 /* CalculatorTests.xctest */ = {isa = PBXFileReference; explicitFileType = wrapper.cfbundle; includeInIndex = 0; path = CalculatorTests.xctest; sourceTree = BUILT_PRODUCTS_DIR; };
		B2448BCF1EEA26DE001DE063 /* CalculatorTests.swift */ = {isa = PBXFileReference; lastKnownFileType = sourcecode.swift; path = CalculatorTests.swift; sourceTree = "<group>"; };
		B2448BD11EEA26DE001DE063 /* Info.plist */ = {isa = PBXFileReference; lastKnownFileType = text.plist.xml; path = Info.plist; sourceTree = "<group>"; };
/* End PBXFileReference section */

/* Begin PBXFrameworksBuildPhase section */
		B208538F1EE8D9C300970803 /* Frameworks */ = {
			isa = PBXFrameworksBuildPhase;
			buildActionMask = 2147483647;
			files = (
			);
			runOnlyForDeploymentPostprocessing = 0;
		};
		B215FABB1EEA9180005A4826 /* Frameworks */ = {
			isa = PBXFrameworksBuildPhase;
			buildActionMask = 2147483647;
			files = (
			);
			runOnlyForDeploymentPostprocessing = 0;
		};
		B2448BCA1EEA26DE001DE063 /* Frameworks */ = {
			isa = PBXFrameworksBuildPhase;
			buildActionMask = 2147483647;
			files = (
			);
			runOnlyForDeploymentPostprocessing = 0;
		};
/* End PBXFrameworksBuildPhase section */

/* Begin PBXGroup section */
		B20853891EE8D9C300970803 = {
			isa = PBXGroup;
			children = (
				B20853941EE8D9C300970803 /* Calculator */,
				B2448BCE1EEA26DE001DE063 /* CalculatorTests */,
				B215FABF1EEA9180005A4826 /* CalculatorUITests */,
				B20853931EE8D9C300970803 /* Products */,
			);
			sourceTree = "<group>";
		};
		B20853931EE8D9C300970803 /* Products */ = {
			isa = PBXGroup;
			children = (
				B20853921EE8D9C300970803 /* Calculator.app */,
				B2448BCD1EEA26DE001DE063 /* CalculatorTests.xctest */,
				B215FABE1EEA9180005A4826 /* CalculatorUITests.xctest */,
			);
			name = Products;
			sourceTree = "<group>";
		};
		B20853941EE8D9C300970803 /* Calculator */ = {
			isa = PBXGroup;
			children = (
				B20853A71EE8DA3A00970803 /* Supporting files */,
				B20853971EE8D9C300970803 /* ViewController.swift */,
				B20853991EE8D9C300970803 /* Main.storyboard */,
				B20853A81EE93E4F00970803 /* CalculatorBrain.swift */,
			);
			path = Calculator;
			sourceTree = "<group>";
		};
		B20853A71EE8DA3A00970803 /* Supporting files */ = {
			isa = PBXGroup;
			children = (
				B20853951EE8D9C300970803 /* AppDelegate.swift */,
				B208539C1EE8D9C300970803 /* Assets.xcassets */,
				B208539E1EE8D9C300970803 /* LaunchScreen.storyboard */,
				B20853A11EE8D9C300970803 /* Info.plist */,
			);
			name = "Supporting files";
			sourceTree = "<group>";
		};
		B215FABF1EEA9180005A4826 /* CalculatorUITests */ = {
			isa = PBXGroup;
			children = (
				B215FAC01EEA9180005A4826 /* CalculatorUITests.swift */,
				B215FAC21EEA9181005A4826 /* Info.plist */,
			);
			path = CalculatorUITests;
			sourceTree = "<group>";
		};
		B2448BCE1EEA26DE001DE063 /* CalculatorTests */ = {
			isa = PBXGroup;
			children = (
				B2448BCF1EEA26DE001DE063 /* CalculatorTests.swift */,
				B2448BD11EEA26DE001DE063 /* Info.plist */,
			);
			path = CalculatorTests;
			sourceTree = "<group>";
		};
/* End PBXGroup section */

/* Begin PBXNativeTarget section */
		B20853911EE8D9C300970803 /* Calculator */ = {
			isa = PBXNativeTarget;
			buildConfigurationList = B20853A41EE8D9C300970803 /* Build configuration list for PBXNativeTarget "Calculator" */;
			buildPhases = (
				B208538E1EE8D9C300970803 /* Sources */,
				B208538F1EE8D9C300970803 /* Frameworks */,
				B20853901EE8D9C300970803 /* Resources */,
			);
			buildRules = (
			);
			dependencies = (
			);
			name = Calculator;
			productName = Calculator;
			productReference = B20853921EE8D9C300970803 /* Calculator.app */;
			productType = "com.apple.product-type.application";
		};
		B215FABD1EEA9180005A4826 /* CalculatorUITests */ = {
			isa = PBXNativeTarget;
			buildConfigurationList = B215FAC51EEA9181005A4826 /* Build configuration list for PBXNativeTarget "CalculatorUITests" */;
			buildPhases = (
				B215FABA1EEA9180005A4826 /* Sources */,
				B215FABB1EEA9180005A4826 /* Frameworks */,
				B215FABC1EEA9180005A4826 /* Resources */,
			);
			buildRules = (
			);
			dependencies = (
				B215FAC41EEA9181005A4826 /* PBXTargetDependency */,
			);
			name = CalculatorUITests;
			productName = CalculatorUITests;
			productReference = B215FABE1EEA9180005A4826 /* CalculatorUITests.xctest */;
			productType = "com.apple.product-type.bundle.ui-testing";
		};
		B2448BCC1EEA26DE001DE063 /* CalculatorTests */ = {
			isa = PBXNativeTarget;
			buildConfigurationList = B2448BD61EEA26DE001DE063 /* Build configuration list for PBXNativeTarget "CalculatorTests" */;
			buildPhases = (
				B2448BC91EEA26DE001DE063 /* Sources */,
				B2448BCA1EEA26DE001DE063 /* Frameworks */,
				B2448BCB1EEA26DE001DE063 /* Resources */,
			);
			buildRules = (
			);
			dependencies = (
				B2448BD31EEA26DE001DE063 /* PBXTargetDependency */,
			);
			name = CalculatorTests;
			productName = CalculatorTests;
			productReference = B2448BCD1EEA26DE001DE063 /* CalculatorTests.xctest */;
			productType = "com.apple.product-type.bundle.unit-test";
		};
/* End PBXNativeTarget section */

/* Begin PBXProject section */
		B208538A1EE8D9C300970803 /* Project object */ = {
			isa = PBXProject;
			attributes = {
				LastSwiftUpdateCheck = 0830;
				LastUpgradeCheck = 0830;
				ORGANIZATIONNAME = "Ehab Hanna";
				TargetAttributes = {
					B20853911EE8D9C300970803 = {
						CreatedOnToolsVersion = 8.3.3;
						DevelopmentTeam = UD5Q4B5UF2;
						ProvisioningStyle = Automatic;
					};
					B215FABD1EEA9180005A4826 = {
						CreatedOnToolsVersion = 8.3.3;
						DevelopmentTeam = UD5Q4B5UF2;
						ProvisioningStyle = Automatic;
						TestTargetID = B20853911EE8D9C300970803;
					};
					B2448BCC1EEA26DE001DE063 = {
						CreatedOnToolsVersion = 8.3.3;
						DevelopmentTeam = UD5Q4B5UF2;
						ProvisioningStyle = Automatic;
						TestTargetID = B20853911EE8D9C300970803;
					};
				};
			};
			buildConfigurationList = B208538D1EE8D9C300970803 /* Build configuration list for PBXProject "Calculator" */;
			compatibilityVersion = "Xcode 3.2";
			developmentRegion = English;
			hasScannedForEncodings = 0;
			knownRegions = (
				en,
				Base,
			);
			mainGroup = B20853891EE8D9C300970803;
			productRefGroup = B20853931EE8D9C300970803 /* Products */;
			projectDirPath = "";
			projectRoot = "";
			targets = (
				B20853911EE8D9C300970803 /* Calculator */,
				B2448BCC1EEA26DE001DE063 /* CalculatorTests */,
				B215FABD1EEA9180005A4826 /* CalculatorUITests */,
			);
		};
/* End PBXProject section */

/* Begin PBXResourcesBuildPhase section */
		B20853901EE8D9C300970803 /* Resources */ = {
			isa = PBXResourcesBuildPhase;
			buildActionMask = 2147483647;
			files = (
				B20853A01EE8D9C300970803 /* LaunchScreen.storyboard in Resources */,
				B208539D1EE8D9C300970803 /* Assets.xcassets in Resources */,
				B208539B1EE8D9C300970803 /* Main.storyboard in Resources */,
			);
			runOnlyForDeploymentPostprocessing = 0;
		};
		B215FABC1EEA9180005A4826 /* Resources */ = {
			isa = PBXResourcesBuildPhase;
			buildActionMask = 2147483647;
			files = (
			);
			runOnlyForDeploymentPostprocessing = 0;
		};
		B2448BCB1EEA26DE001DE063 /* Resources */ = {
			isa = PBXResourcesBuildPhase;
			buildActionMask = 2147483647;
			files = (
				B2448BD91EEA28AF001DE063 /* Main.storyboard in Resources */,
			);
			runOnlyForDeploymentPostprocessing = 0;
		};
/* End PBXResourcesBuildPhase section */

/* Begin PBXSourcesBuildPhase section */
		B208538E1EE8D9C300970803 /* Sources */ = {
			isa = PBXSourcesBuildPhase;
			buildActionMask = 2147483647;
			files = (
				B20853A91EE93E4F00970803 /* CalculatorBrain.swift in Sources */,
				B20853981EE8D9C300970803 /* ViewController.swift in Sources */,
				B20853961EE8D9C300970803 /* AppDelegate.swift in Sources */,
			);
			runOnlyForDeploymentPostprocessing = 0;
		};
		B215FABA1EEA9180005A4826 /* Sources */ = {
			isa = PBXSourcesBuildPhase;
			buildActionMask = 2147483647;
			files = (
				B215FAC11EEA9180005A4826 /* CalculatorUITests.swift in Sources */,
			);
			runOnlyForDeploymentPostprocessing = 0;
		};
		B2448BC91EEA26DE001DE063 /* Sources */ = {
			isa = PBXSourcesBuildPhase;
			buildActionMask = 2147483647;
			files = (
				B2448BD81EEA28A6001DE063 /* ViewController.swift in Sources */,
				B2448BD71EEA28A2001DE063 /* CalculatorBrain.swift in Sources */,
				B2448BD01EEA26DE001DE063 /* CalculatorTests.swift in Sources */,
			);
			runOnlyForDeploymentPostprocessing = 0;
		};
/* End PBXSourcesBuildPhase section */

/* Begin PBXTargetDependency section */
		B215FAC41EEA9181005A4826 /* PBXTargetDependency */ = {
			isa = PBXTargetDependency;
			target = B20853911EE8D9C300970803 /* Calculator */;
			targetProxy = B215FAC31EEA9181005A4826 /* PBXContainerItemProxy */;
		};
		B2448BD31EEA26DE001DE063 /* PBXTargetDependency */ = {
			isa = PBXTargetDependency;
			target = B20853911EE8D9C300970803 /* Calculator */;
			targetProxy = B2448BD21EEA26DE001DE063 /* PBXContainerItemProxy */;
		};
/* End PBXTargetDependency section */

/* Begin PBXVariantGroup section */
		B20853991EE8D9C300970803 /* Main.storyboard */ = {
			isa = PBXVariantGroup;
			children = (
				B208539A1EE8D9C300970803 /* Base */,
			);
			name = Main.storyboard;
			sourceTree = "<group>";
		};
		B208539E1EE8D9C300970803 /* LaunchScreen.storyboard */ = {
			isa = PBXVariantGroup;
			children = (
				B208539F1EE8D9C300970803 /* Base */,
			);
			name = LaunchScreen.storyboard;
			sourceTree = "<group>";
		};
/* End PBXVariantGroup section */

/* Begin XCBuildConfiguration section */
		B20853A21EE8D9C300970803 /* Debug */ = {
			isa = XCBuildConfiguration;
			buildSettings = {
				ALWAYS_SEARCH_USER_PATHS = NO;
				CLANG_ANALYZER_NONNULL = YES;
				CLANG_ANALYZER_NUMBER_OBJECT_CONVERSION = YES_AGGRESSIVE;
				CLANG_CXX_LANGUAGE_STANDARD = "gnu++0x";
				CLANG_CXX_LIBRARY = "libc++";
				CLANG_ENABLE_MODULES = YES;
				CLANG_ENABLE_OBJC_ARC = YES;
				CLANG_WARN_BOOL_CONVERSION = YES;
				CLANG_WARN_CONSTANT_CONVERSION = YES;
				CLANG_WARN_DIRECT_OBJC_ISA_USAGE = YES_ERROR;
				CLANG_WARN_DOCUMENTATION_COMMENTS = YES;
				CLANG_WARN_EMPTY_BODY = YES;
				CLANG_WARN_ENUM_CONVERSION = YES;
				CLANG_WARN_INFINITE_RECURSION = YES;
				CLANG_WARN_INT_CONVERSION = YES;
				CLANG_WARN_OBJC_ROOT_CLASS = YES_ERROR;
				CLANG_WARN_SUSPICIOUS_MOVE = YES;
				CLANG_WARN_UNREACHABLE_CODE = YES;
				CLANG_WARN__DUPLICATE_METHOD_MATCH = YES;
				"CODE_SIGN_IDENTITY[sdk=iphoneos*]" = "iPhone Developer";
				COPY_PHASE_STRIP = NO;
				DEBUG_INFORMATION_FORMAT = dwarf;
				ENABLE_STRICT_OBJC_MSGSEND = YES;
				ENABLE_TESTABILITY = YES;
				GCC_C_LANGUAGE_STANDARD = gnu99;
				GCC_DYNAMIC_NO_PIC = NO;
				GCC_NO_COMMON_BLOCKS = YES;
				GCC_OPTIMIZATION_LEVEL = 0;
				GCC_PREPROCESSOR_DEFINITIONS = (
					"DEBUG=1",
					"$(inherited)",
				);
				GCC_WARN_64_TO_32_BIT_CONVERSION = YES;
				GCC_WARN_ABOUT_RETURN_TYPE = YES_ERROR;
				GCC_WARN_UNDECLARED_SELECTOR = YES;
				GCC_WARN_UNINITIALIZED_AUTOS = YES_AGGRESSIVE;
				GCC_WARN_UNUSED_FUNCTION = YES;
				GCC_WARN_UNUSED_VARIABLE = YES;
				IPHONEOS_DEPLOYMENT_TARGET = 10.3;
				MTL_ENABLE_DEBUG_INFO = YES;
				ONLY_ACTIVE_ARCH = YES;
				SDKROOT = iphoneos;
				SWIFT_ACTIVE_COMPILATION_CONDITIONS = DEBUG;
				SWIFT_OPTIMIZATION_LEVEL = "-Onone";
				TARGETED_DEVICE_FAMILY = "1,2";
			};
			name = Debug;
		};
		B20853A31EE8D9C300970803 /* Release */ = {
			isa = XCBuildConfiguration;
			buildSettings = {
				ALWAYS_SEARCH_USER_PATHS = NO;
				CLANG_ANALYZER_NONNULL = YES;
				CLANG_ANALYZER_NUMBER_OBJECT_CONVERSION = YES_AGGRESSIVE;
				CLANG_CXX_LANGUAGE_STANDARD = "gnu++0x";
				CLANG_CXX_LIBRARY = "libc++";
				CLANG_ENABLE_MODULES = YES;
				CLANG_ENABLE_OBJC_ARC = YES;
				CLANG_WARN_BOOL_CONVERSION = YES;
				CLANG_WARN_CONSTANT_CONVERSION = YES;
				CLANG_WARN_DIRECT_OBJC_ISA_USAGE = YES_ERROR;
				CLANG_WARN_DOCUMENTATION_COMMENTS = YES;
				CLANG_WARN_EMPTY_BODY = YES;
				CLANG_WARN_ENUM_CONVERSION = YES;
				CLANG_WARN_INFINITE_RECURSION = YES;
				CLANG_WARN_INT_CONVERSION = YES;
				CLANG_WARN_OBJC_ROOT_CLASS = YES_ERROR;
				CLANG_WARN_SUSPICIOUS_MOVE = YES;
				CLANG_WARN_UNREACHABLE_CODE = YES;
				CLANG_WARN__DUPLICATE_METHOD_MATCH = YES;
				"CODE_SIGN_IDENTITY[sdk=iphoneos*]" = "iPhone Developer";
				COPY_PHASE_STRIP = NO;
				DEBUG_INFORMATION_FORMAT = "dwarf-with-dsym";
				ENABLE_NS_ASSERTIONS = NO;
				ENABLE_STRICT_OBJC_MSGSEND = YES;
				GCC_C_LANGUAGE_STANDARD = gnu99;
				GCC_NO_COMMON_BLOCKS = YES;
				GCC_WARN_64_TO_32_BIT_CONVERSION = YES;
				GCC_WARN_ABOUT_RETURN_TYPE = YES_ERROR;
				GCC_WARN_UNDECLARED_SELECTOR = YES;
				GCC_WARN_UNINITIALIZED_AUTOS = YES_AGGRESSIVE;
				GCC_WARN_UNUSED_FUNCTION = YES;
				GCC_WARN_UNUSED_VARIABLE = YES;
				IPHONEOS_DEPLOYMENT_TARGET = 10.3;
				MTL_ENABLE_DEBUG_INFO = NO;
				SDKROOT = iphoneos;
				SWIFT_OPTIMIZATION_LEVEL = "-Owholemodule";
				TARGETED_DEVICE_FAMILY = "1,2";
				VALIDATE_PRODUCT = YES;
			};
			name = Release;
		};
		B20853A51EE8D9C300970803 /* Debug */ = {
			isa = XCBuildConfiguration;
			buildSettings = {
				ASSETCATALOG_COMPILER_APPICON_NAME = AppIcon;
				DEVELOPMENT_TEAM = UD5Q4B5UF2;
				INFOPLIST_FILE = Calculator/Info.plist;
				LD_RUNPATH_SEARCH_PATHS = "$(inherited) @executable_path/Frameworks";
				PRODUCT_BUNDLE_IDENTIFIER = com.ehanna.Calculator;
				PRODUCT_NAME = "$(TARGET_NAME)";
				SWIFT_VERSION = 3.0;
			};
			name = Debug;
		};
		B20853A61EE8D9C300970803 /* Release */ = {
			isa = XCBuildConfiguration;
			buildSettings = {
				ASSETCATALOG_COMPILER_APPICON_NAME = AppIcon;
				DEVELOPMENT_TEAM = UD5Q4B5UF2;
				INFOPLIST_FILE = Calculator/Info.plist;
				LD_RUNPATH_SEARCH_PATHS = "$(inherited) @executable_path/Frameworks";
				PRODUCT_BUNDLE_IDENTIFIER = com.ehanna.Calculator;
				PRODUCT_NAME = "$(TARGET_NAME)";
				SWIFT_VERSION = 3.0;
			};
			name = Release;
		};
		B215FAC61EEA9181005A4826 /* Debug */ = {
			isa = XCBuildConfiguration;
			buildSettings = {
				DEVELOPMENT_TEAM = UD5Q4B5UF2;
				INFOPLIST_FILE = CalculatorUITests/Info.plist;
				LD_RUNPATH_SEARCH_PATHS = "$(inherited) @executable_path/Frameworks @loader_path/Frameworks";
				PRODUCT_BUNDLE_IDENTIFIER = com.ehanna.CalculatorUITests;
				PRODUCT_NAME = "$(TARGET_NAME)";
				SWIFT_VERSION = 3.0;
				TEST_TARGET_NAME = Calculator;
			};
			name = Debug;
		};
		B215FAC71EEA9181005A4826 /* Release */ = {
			isa = XCBuildConfiguration;
			buildSettings = {
				DEVELOPMENT_TEAM = UD5Q4B5UF2;
				INFOPLIST_FILE = CalculatorUITests/Info.plist;
				LD_RUNPATH_SEARCH_PATHS = "$(inherited) @executable_path/Frameworks @loader_path/Frameworks";
				PRODUCT_BUNDLE_IDENTIFIER = com.ehanna.CalculatorUITests;
				PRODUCT_NAME = "$(TARGET_NAME)";
				SWIFT_VERSION = 3.0;
				TEST_TARGET_NAME = Calculator;
			};
			name = Release;
		};
		B2448BD41EEA26DE001DE063 /* Debug */ = {
			isa = XCBuildConfiguration;
			buildSettings = {
				BUNDLE_LOADER = "$(TEST_HOST)";
				DEVELOPMENT_TEAM = UD5Q4B5UF2;
				INFOPLIST_FILE = CalculatorTests/Info.plist;
				LD_RUNPATH_SEARCH_PATHS = "$(inherited) @executable_path/Frameworks @loader_path/Frameworks";
				PRODUCT_BUNDLE_IDENTIFIER = com.ehanna.CalculatorTests;
				PRODUCT_NAME = "$(TARGET_NAME)";
				SWIFT_VERSION = 3.0;
				TEST_HOST = "$(BUILT_PRODUCTS_DIR)/Calculator.app/Calculator";
			};
			name = Debug;
		};
		B2448BD51EEA26DE001DE063 /* Release */ = {
			isa = XCBuildConfiguration;
			buildSettings = {
				BUNDLE_LOADER = "$(TEST_HOST)";
				DEVELOPMENT_TEAM = UD5Q4B5UF2;
				INFOPLIST_FILE = CalculatorTests/Info.plist;
				LD_RUNPATH_SEARCH_PATHS = "$(inherited) @executable_path/Frameworks @loader_path/Frameworks";
				PRODUCT_BUNDLE_IDENTIFIER = com.ehanna.CalculatorTests;
				PRODUCT_NAME = "$(TARGET_NAME)";
				SWIFT_VERSION = 3.0;
				TEST_HOST = "$(BUILT_PRODUCTS_DIR)/Calculator.app/Calculator";
			};
			name = Release;
		};
/* End XCBuildConfiguration section */

/* Begin XCConfigurationList section */
		B208538D1EE8D9C300970803 /* Build configuration list for PBXProject "Calculator" */ = {
			isa = XCConfigurationList;
			buildConfigurations = (
				B20853A21EE8D9C300970803 /* Debug */,
				B20853A31EE8D9C300970803 /* Release */,
			);
			defaultConfigurationIsVisible = 0;
			defaultConfigurationName = Release;
		};
		B20853A41EE8D9C300970803 /* Build configuration list for PBXNativeTarget "Calculator" */ = {
			isa = XCConfigurationList;
			buildConfigurations = (
				B20853A51EE8D9C300970803 /* Debug */,
				B20853A61EE8D9C300970803 /* Release */,
			);
			defaultConfigurationIsVisible = 0;
			defaultConfigurationName = Release;
		};
		B215FAC51EEA9181005A4826 /* Build configuration list for PBXNativeTarget "CalculatorUITests" */ = {
			isa = XCConfigurationList;
			buildConfigurations = (
				B215FAC61EEA9181005A4826 /* Debug */,
				B215FAC71EEA9181005A4826 /* Release */,
			);
			defaultConfigurationIsVisible = 0;
		};
		B2448BD61EEA26DE001DE063 /* Build configuration list for PBXNativeTarget "CalculatorTests" */ = {
			isa = XCConfigurationList;
			buildConfigurations = (
				B2448BD41EEA26DE001DE063 /* Debug */,
				B2448BD51EEA26DE001DE063 /* Release */,
			);
			defaultConfigurationIsVisible = 0;
			defaultConfigurationName = Release;
		};
/* End XCConfigurationList section */
	};
	rootObject = B208538A1EE8D9C300970803 /* Project object */;
}
